// !$*UTF8*$!
{
	archiveVersion = 1;
	classes = {
	};
	objectVersion = 46;
	objects = {

/* Begin PBXBuildFile section */
		621E34C21D0CBA3C00DE5933 /* DataStore.swift in Sources */ = {isa = PBXBuildFile; fileRef = 621E34C11D0CBA3C00DE5933 /* DataStore.swift */; };
		621E34C41D0CBE1000DE5933 /* Logger.swift in Sources */ = {isa = PBXBuildFile; fileRef = 621E34C31D0CBE1000DE5933 /* Logger.swift */; };
		621E34CD1D0CC48200DE5933 /* Registration.swift in Sources */ = {isa = PBXBuildFile; fileRef = 621E34CC1D0CC48200DE5933 /* Registration.swift */; };
		621E34E31D0D561100DE5933 /* backstretch.min.js in Resources */ = {isa = PBXBuildFile; fileRef = 621E34D61D0D561100DE5933 /* backstretch.min.js */; };
		621E34E41D0D561100DE5933 /* bootstrap.min.js in Resources */ = {isa = PBXBuildFile; fileRef = 621E34D71D0D561100DE5933 /* bootstrap.min.js */; };
		621E34E51D0D561100DE5933 /* jquery-1.11.3.min.js in Resources */ = {isa = PBXBuildFile; fileRef = 621E34D81D0D561100DE5933 /* jquery-1.11.3.min.js */; };
		621E34E61D0D561100DE5933 /* jquery.countdown.min.js in Resources */ = {isa = PBXBuildFile; fileRef = 621E34D91D0D561100DE5933 /* jquery.countdown.min.js */; };
		621E34E71D0D561100DE5933 /* main.js in Resources */ = {isa = PBXBuildFile; fileRef = 621E34DA1D0D561100DE5933 /* main.js */; };
		621E34E81D0D561100DE5933 /* smooth-scroll.js in Resources */ = {isa = PBXBuildFile; fileRef = 621E34DB1D0D561100DE5933 /* smooth-scroll.js */; };
		621E34E91D0D561100DE5933 /* wow.min.js in Resources */ = {isa = PBXBuildFile; fileRef = 621E34DC1D0D561100DE5933 /* wow.min.js */; };
		621E34EA1D0D561100DE5933 /* animate.min.css in Resources */ = {isa = PBXBuildFile; fileRef = 621E34DE1D0D561100DE5933 /* animate.min.css */; };
		621E34EB1D0D561100DE5933 /* bootstrap.min.css in Resources */ = {isa = PBXBuildFile; fileRef = 621E34DF1D0D561100DE5933 /* bootstrap.min.css */; };
		621E34EC1D0D561100DE5933 /* font-awesome.min.css in Resources */ = {isa = PBXBuildFile; fileRef = 621E34E01D0D561100DE5933 /* font-awesome.min.css */; };
		621E34ED1D0D561100DE5933 /* simple-line-icons.css in Resources */ = {isa = PBXBuildFile; fileRef = 621E34E11D0D561100DE5933 /* simple-line-icons.css */; };
		621E34EE1D0D561100DE5933 /* style.css in Resources */ = {isa = PBXBuildFile; fileRef = 621E34E21D0D561100DE5933 /* style.css */; };
		621E34EF1D0D562300DE5933 /* backstretch.min.js in Copy template files */ = {isa = PBXBuildFile; fileRef = 621E34D61D0D561100DE5933 /* backstretch.min.js */; };
		621E34F01D0D562300DE5933 /* bootstrap.min.js in Copy template files */ = {isa = PBXBuildFile; fileRef = 621E34D71D0D561100DE5933 /* bootstrap.min.js */; };
		621E34F11D0D562300DE5933 /* jquery-1.11.3.min.js in Copy template files */ = {isa = PBXBuildFile; fileRef = 621E34D81D0D561100DE5933 /* jquery-1.11.3.min.js */; };
		621E34F21D0D562300DE5933 /* jquery.countdown.min.js in Copy template files */ = {isa = PBXBuildFile; fileRef = 621E34D91D0D561100DE5933 /* jquery.countdown.min.js */; };
		621E34F31D0D562300DE5933 /* main.js in Copy template files */ = {isa = PBXBuildFile; fileRef = 621E34DA1D0D561100DE5933 /* main.js */; };
		621E34F41D0D562300DE5933 /* smooth-scroll.js in Copy template files */ = {isa = PBXBuildFile; fileRef = 621E34DB1D0D561100DE5933 /* smooth-scroll.js */; };
		621E34F51D0D562300DE5933 /* wow.min.js in Copy template files */ = {isa = PBXBuildFile; fileRef = 621E34DC1D0D561100DE5933 /* wow.min.js */; };
		621E34F61D0D562900DE5933 /* animate.min.css in Copy template files */ = {isa = PBXBuildFile; fileRef = 621E34DE1D0D561100DE5933 /* animate.min.css */; };
		621E34F71D0D562900DE5933 /* bootstrap.min.css in Copy template files */ = {isa = PBXBuildFile; fileRef = 621E34DF1D0D561100DE5933 /* bootstrap.min.css */; };
		621E34F81D0D562900DE5933 /* font-awesome.min.css in Copy template files */ = {isa = PBXBuildFile; fileRef = 621E34E01D0D561100DE5933 /* font-awesome.min.css */; };
		621E34F91D0D562900DE5933 /* simple-line-icons.css in Copy template files */ = {isa = PBXBuildFile; fileRef = 621E34E11D0D561100DE5933 /* simple-line-icons.css */; };
		621E34FA1D0D562900DE5933 /* style.css in Copy template files */ = {isa = PBXBuildFile; fileRef = 621E34E21D0D561100DE5933 /* style.css */; };
		621E35011D0D58EB00DE5933 /* bg_pattern.png in Resources */ = {isa = PBXBuildFile; fileRef = 621E35001D0D58EB00DE5933 /* bg_pattern.png */; };
		621E35021D0D590B00DE5933 /* bg_pattern.png in Copy template files */ = {isa = PBXBuildFile; fileRef = 621E35001D0D58EB00DE5933 /* bg_pattern.png */; };
		621E35031D0D590B00DE5933 /* bootstrap.min.css.map in Copy template files */ = {isa = PBXBuildFile; fileRef = 621E34FF1D0D58D900DE5933 /* bootstrap.min.css.map */; };
		621E35141D0D597300DE5933 /* fontawesome-webfont.eot in Resources */ = {isa = PBXBuildFile; fileRef = 621E35051D0D597300DE5933 /* fontawesome-webfont.eot */; };
		621E35151D0D597300DE5933 /* fontawesome-webfont.svg in Resources */ = {isa = PBXBuildFile; fileRef = 621E35061D0D597300DE5933 /* fontawesome-webfont.svg */; };
		621E35161D0D597300DE5933 /* fontawesome-webfont.ttf in Resources */ = {isa = PBXBuildFile; fileRef = 621E35071D0D597300DE5933 /* fontawesome-webfont.ttf */; };
		621E35171D0D597300DE5933 /* fontawesome-webfont.woff in Resources */ = {isa = PBXBuildFile; fileRef = 621E35081D0D597300DE5933 /* fontawesome-webfont.woff */; };
		621E35181D0D597300DE5933 /* fontawesome-webfont.woff2 in Resources */ = {isa = PBXBuildFile; fileRef = 621E35091D0D597300DE5933 /* fontawesome-webfont.woff2 */; };
		621E35191D0D597300DE5933 /* FontAwesome.otf in Resources */ = {isa = PBXBuildFile; fileRef = 621E350A1D0D597300DE5933 /* FontAwesome.otf */; };
		621E351A1D0D597300DE5933 /* glyphicons-halflings-regular.eot in Resources */ = {isa = PBXBuildFile; fileRef = 621E350B1D0D597300DE5933 /* glyphicons-halflings-regular.eot */; };
		621E351B1D0D597300DE5933 /* glyphicons-halflings-regular.svg in Resources */ = {isa = PBXBuildFile; fileRef = 621E350C1D0D597300DE5933 /* glyphicons-halflings-regular.svg */; };
		621E351C1D0D597300DE5933 /* glyphicons-halflings-regular.ttf in Resources */ = {isa = PBXBuildFile; fileRef = 621E350D1D0D597300DE5933 /* glyphicons-halflings-regular.ttf */; };
		621E351D1D0D597300DE5933 /* glyphicons-halflings-regular.woff in Resources */ = {isa = PBXBuildFile; fileRef = 621E350E1D0D597300DE5933 /* glyphicons-halflings-regular.woff */; };
		621E351E1D0D597300DE5933 /* glyphicons-halflings-regular.woff2 in Resources */ = {isa = PBXBuildFile; fileRef = 621E350F1D0D597300DE5933 /* glyphicons-halflings-regular.woff2 */; };
		621E351F1D0D597300DE5933 /* Simple-Line-Icons.eot in Resources */ = {isa = PBXBuildFile; fileRef = 621E35101D0D597300DE5933 /* Simple-Line-Icons.eot */; };
		621E35201D0D597300DE5933 /* Simple-Line-Icons.svg in Resources */ = {isa = PBXBuildFile; fileRef = 621E35111D0D597300DE5933 /* Simple-Line-Icons.svg */; };
		621E35211D0D597300DE5933 /* Simple-Line-Icons.ttf in Resources */ = {isa = PBXBuildFile; fileRef = 621E35121D0D597300DE5933 /* Simple-Line-Icons.ttf */; };
		621E35221D0D597300DE5933 /* Simple-Line-Icons.woff in Resources */ = {isa = PBXBuildFile; fileRef = 621E35131D0D597300DE5933 /* Simple-Line-Icons.woff */; };
		621E35231D0D597C00DE5933 /* fontawesome-webfont.eot in Copy template files */ = {isa = PBXBuildFile; fileRef = 621E35051D0D597300DE5933 /* fontawesome-webfont.eot */; };
		621E35241D0D597C00DE5933 /* fontawesome-webfont.svg in Copy template files */ = {isa = PBXBuildFile; fileRef = 621E35061D0D597300DE5933 /* fontawesome-webfont.svg */; };
		621E35251D0D597C00DE5933 /* fontawesome-webfont.ttf in Copy template files */ = {isa = PBXBuildFile; fileRef = 621E35071D0D597300DE5933 /* fontawesome-webfont.ttf */; };
		621E35261D0D597C00DE5933 /* fontawesome-webfont.woff in Copy template files */ = {isa = PBXBuildFile; fileRef = 621E35081D0D597300DE5933 /* fontawesome-webfont.woff */; };
		621E35271D0D597C00DE5933 /* fontawesome-webfont.woff2 in Copy template files */ = {isa = PBXBuildFile; fileRef = 621E35091D0D597300DE5933 /* fontawesome-webfont.woff2 */; };
		621E35281D0D597C00DE5933 /* FontAwesome.otf in Copy template files */ = {isa = PBXBuildFile; fileRef = 621E350A1D0D597300DE5933 /* FontAwesome.otf */; };
		621E35291D0D597C00DE5933 /* glyphicons-halflings-regular.eot in Copy template files */ = {isa = PBXBuildFile; fileRef = 621E350B1D0D597300DE5933 /* glyphicons-halflings-regular.eot */; };
		621E352A1D0D597C00DE5933 /* glyphicons-halflings-regular.svg in Copy template files */ = {isa = PBXBuildFile; fileRef = 621E350C1D0D597300DE5933 /* glyphicons-halflings-regular.svg */; };
		621E352B1D0D597C00DE5933 /* glyphicons-halflings-regular.ttf in Copy template files */ = {isa = PBXBuildFile; fileRef = 621E350D1D0D597300DE5933 /* glyphicons-halflings-regular.ttf */; };
		621E352C1D0D597C00DE5933 /* glyphicons-halflings-regular.woff in Copy template files */ = {isa = PBXBuildFile; fileRef = 621E350E1D0D597300DE5933 /* glyphicons-halflings-regular.woff */; };
		621E352D1D0D597C00DE5933 /* glyphicons-halflings-regular.woff2 in Copy template files */ = {isa = PBXBuildFile; fileRef = 621E350F1D0D597300DE5933 /* glyphicons-halflings-regular.woff2 */; };
		621E352E1D0D597C00DE5933 /* Simple-Line-Icons.eot in Copy template files */ = {isa = PBXBuildFile; fileRef = 621E35101D0D597300DE5933 /* Simple-Line-Icons.eot */; };
		621E352F1D0D597C00DE5933 /* Simple-Line-Icons.svg in Copy template files */ = {isa = PBXBuildFile; fileRef = 621E35111D0D597300DE5933 /* Simple-Line-Icons.svg */; };
		621E35301D0D597C00DE5933 /* Simple-Line-Icons.ttf in Copy template files */ = {isa = PBXBuildFile; fileRef = 621E35121D0D597300DE5933 /* Simple-Line-Icons.ttf */; };
		621E35311D0D597C00DE5933 /* Simple-Line-Icons.woff in Copy template files */ = {isa = PBXBuildFile; fileRef = 621E35131D0D597300DE5933 /* Simple-Line-Icons.woff */; };
		621E35331D0D782F00DE5933 /* FormHandler.swift in Sources */ = {isa = PBXBuildFile; fileRef = 621E35321D0D782F00DE5933 /* FormHandler.swift */; };
		621E35351D0D78CE00DE5933 /* form.mustache in Resources */ = {isa = PBXBuildFile; fileRef = 621E35341D0D78CE00DE5933 /* form.mustache */; };
		621E35361D0D78D900DE5933 /* form.mustache in Copy template files */ = {isa = PBXBuildFile; fileRef = 621E35341D0D78CE00DE5933 /* form.mustache */; };
		621E35381D0D7C3B00DE5933 /* jqBootstrapValidation.js in Resources */ = {isa = PBXBuildFile; fileRef = 621E35371D0D7C3B00DE5933 /* jqBootstrapValidation.js */; };
		621E35391D0D7C4A00DE5933 /* bootstrap.min.css.map in Resources */ = {isa = PBXBuildFile; fileRef = 621E34FF1D0D58D900DE5933 /* bootstrap.min.css.map */; };
		621E353A1D0D7C5100DE5933 /* jqBootstrapValidation.js in Copy template files */ = {isa = PBXBuildFile; fileRef = 621E35371D0D7C3B00DE5933 /* jqBootstrapValidation.js */; };
		6259596C1D0D8005005B5F90 /* background0.jpg in Resources */ = {isa = PBXBuildFile; fileRef = 625959671D0D8005005B5F90 /* background0.jpg */; };
		6259596D1D0D8005005B5F90 /* background1.jpg in Resources */ = {isa = PBXBuildFile; fileRef = 625959681D0D8005005B5F90 /* background1.jpg */; };
		6259596E1D0D8005005B5F90 /* background2.jpg in Resources */ = {isa = PBXBuildFile; fileRef = 625959691D0D8005005B5F90 /* background2.jpg */; };
		6259596F1D0D8005005B5F90 /* background3.jpg in Resources */ = {isa = PBXBuildFile; fileRef = 6259596A1D0D8005005B5F90 /* background3.jpg */; };
		625959701D0D8005005B5F90 /* background4.jpg in Resources */ = {isa = PBXBuildFile; fileRef = 6259596B1D0D8005005B5F90 /* background4.jpg */; };
		625959711D0D800E005B5F90 /* background0.jpg in Copy template files */ = {isa = PBXBuildFile; fileRef = 625959671D0D8005005B5F90 /* background0.jpg */; };
		625959721D0D800E005B5F90 /* background1.jpg in Copy template files */ = {isa = PBXBuildFile; fileRef = 625959681D0D8005005B5F90 /* background1.jpg */; };
		625959731D0D800E005B5F90 /* background2.jpg in Copy template files */ = {isa = PBXBuildFile; fileRef = 625959691D0D8005005B5F90 /* background2.jpg */; };
		625959741D0D800E005B5F90 /* background3.jpg in Copy template files */ = {isa = PBXBuildFile; fileRef = 6259596A1D0D8005005B5F90 /* background3.jpg */; };
		625959751D0D800E005B5F90 /* background4.jpg in Copy template files */ = {isa = PBXBuildFile; fileRef = 6259596B1D0D8005005B5F90 /* background4.jpg */; };
		6284ADFD1D0C1103001DB03D /* PostgreSQL.framework in Frameworks */ = {isa = PBXBuildFile; fileRef = 6284ADFC1D0C1103001DB03D /* PostgreSQL.framework */; };
		6284ADFF1D0C1127001DB03D /* Init.swift in Sources */ = {isa = PBXBuildFile; fileRef = 6284ADFE1D0C1127001DB03D /* Init.swift */; };
		6284AE011D0C117C001DB03D /* RegistrationsHandler.swift in Sources */ = {isa = PBXBuildFile; fileRef = 6284AE001D0C117C001DB03D /* RegistrationsHandler.swift */; };
		6284AE031D0C1199001DB03D /* registrations.mustache in Resources */ = {isa = PBXBuildFile; fileRef = 6284AE021D0C1199001DB03D /* registrations.mustache */; };
		6284AE041D0C1202001DB03D /* registrations.mustache in Copy template files */ = {isa = PBXBuildFile; fileRef = 6284AE021D0C1199001DB03D /* registrations.mustache */; };
		62C573C71D0BF85A0034B6E6 /* JuniorWeekend.h in Headers */ = {isa = PBXBuildFile; fileRef = 62C573C61D0BF85A0034B6E6 /* JuniorWeekend.h */; settings = {ATTRIBUTES = (Public, ); }; };
		62C573CF1D0BF8A10034B6E6 /* PerfectLib.framework in Frameworks */ = {isa = PBXBuildFile; fileRef = 62C573CE1D0BF8A10034B6E6 /* PerfectLib.framework */; };
		62C573D21D0BF9FD0034B6E6 /* index.mustache in Resources */ = {isa = PBXBuildFile; fileRef = 62C573D11D0BF9FD0034B6E6 /* index.mustache */; };
		62C573D51D0BFA460034B6E6 /* IndexHandler.swift in Sources */ = {isa = PBXBuildFile; fileRef = 62C573D41D0BFA460034B6E6 /* IndexHandler.swift */; };
		62C573D71D0BFD820034B6E6 /* index.mustache in Copy template files */ = {isa = PBXBuildFile; fileRef = 62C573D11D0BF9FD0034B6E6 /* index.mustache */; };
/* End PBXBuildFile section */

/* Begin PBXCopyFilesBuildPhase section */
		62C573D61D0BFD470034B6E6 /* Copy template files */ = {
			isa = PBXCopyFilesBuildPhase;
			buildActionMask = 2147483647;
			dstPath = webroot;
			dstSubfolderSpec = 16;
			files = (
				625959711D0D800E005B5F90 /* background0.jpg in Copy template files */,
				625959721D0D800E005B5F90 /* background1.jpg in Copy template files */,
				625959731D0D800E005B5F90 /* background2.jpg in Copy template files */,
				625959741D0D800E005B5F90 /* background3.jpg in Copy template files */,
				625959751D0D800E005B5F90 /* background4.jpg in Copy template files */,
				621E353A1D0D7C5100DE5933 /* jqBootstrapValidation.js in Copy template files */,
				621E35361D0D78D900DE5933 /* form.mustache in Copy template files */,
				621E35231D0D597C00DE5933 /* fontawesome-webfont.eot in Copy template files */,
				621E35241D0D597C00DE5933 /* fontawesome-webfont.svg in Copy template files */,
				621E35251D0D597C00DE5933 /* fontawesome-webfont.ttf in Copy template files */,
				621E35261D0D597C00DE5933 /* fontawesome-webfont.woff in Copy template files */,
				621E35271D0D597C00DE5933 /* fontawesome-webfont.woff2 in Copy template files */,
				621E35281D0D597C00DE5933 /* FontAwesome.otf in Copy template files */,
				621E35291D0D597C00DE5933 /* glyphicons-halflings-regular.eot in Copy template files */,
				621E352A1D0D597C00DE5933 /* glyphicons-halflings-regular.svg in Copy template files */,
				621E352B1D0D597C00DE5933 /* glyphicons-halflings-regular.ttf in Copy template files */,
				621E352C1D0D597C00DE5933 /* glyphicons-halflings-regular.woff in Copy template files */,
				621E352D1D0D597C00DE5933 /* glyphicons-halflings-regular.woff2 in Copy template files */,
				621E352E1D0D597C00DE5933 /* Simple-Line-Icons.eot in Copy template files */,
				621E352F1D0D597C00DE5933 /* Simple-Line-Icons.svg in Copy template files */,
				621E35301D0D597C00DE5933 /* Simple-Line-Icons.ttf in Copy template files */,
				621E35311D0D597C00DE5933 /* Simple-Line-Icons.woff in Copy template files */,
				621E35021D0D590B00DE5933 /* bg_pattern.png in Copy template files */,
				621E35031D0D590B00DE5933 /* bootstrap.min.css.map in Copy template files */,
				621E34F61D0D562900DE5933 /* animate.min.css in Copy template files */,
				621E34F71D0D562900DE5933 /* bootstrap.min.css in Copy template files */,
				621E34F81D0D562900DE5933 /* font-awesome.min.css in Copy template files */,
				621E34F91D0D562900DE5933 /* simple-line-icons.css in Copy template files */,
				621E34FA1D0D562900DE5933 /* style.css in Copy template files */,
				621E34EF1D0D562300DE5933 /* backstretch.min.js in Copy template files */,
				621E34F01D0D562300DE5933 /* bootstrap.min.js in Copy template files */,
				621E34F11D0D562300DE5933 /* jquery-1.11.3.min.js in Copy template files */,
				621E34F21D0D562300DE5933 /* jquery.countdown.min.js in Copy template files */,
				621E34F31D0D562300DE5933 /* main.js in Copy template files */,
				621E34F41D0D562300DE5933 /* smooth-scroll.js in Copy template files */,
				621E34F51D0D562300DE5933 /* wow.min.js in Copy template files */,
				6284AE041D0C1202001DB03D /* registrations.mustache in Copy template files */,
				62C573D71D0BFD820034B6E6 /* index.mustache in Copy template files */,
			);
			name = "Copy template files";
			runOnlyForDeploymentPostprocessing = 0;
		};
/* End PBXCopyFilesBuildPhase section */

/* Begin PBXFileReference section */
		621E34C11D0CBA3C00DE5933 /* DataStore.swift */ = {isa = PBXFileReference; fileEncoding = 4; lastKnownFileType = sourcecode.swift; path = DataStore.swift; sourceTree = "<group>"; };
		621E34C31D0CBE1000DE5933 /* Logger.swift */ = {isa = PBXFileReference; fileEncoding = 4; lastKnownFileType = sourcecode.swift; path = Logger.swift; sourceTree = "<group>"; };
		621E34CC1D0CC48200DE5933 /* Registration.swift */ = {isa = PBXFileReference; fileEncoding = 4; lastKnownFileType = sourcecode.swift; path = Registration.swift; sourceTree = "<group>"; };
		621E34D61D0D561100DE5933 /* backstretch.min.js */ = {isa = PBXFileReference; fileEncoding = 4; lastKnownFileType = sourcecode.javascript; path = backstretch.min.js; sourceTree = "<group>"; };
		621E34D71D0D561100DE5933 /* bootstrap.min.js */ = {isa = PBXFileReference; fileEncoding = 4; lastKnownFileType = sourcecode.javascript; path = bootstrap.min.js; sourceTree = "<group>"; };
		621E34D81D0D561100DE5933 /* jquery-1.11.3.min.js */ = {isa = PBXFileReference; fileEncoding = 4; lastKnownFileType = sourcecode.javascript; path = "jquery-1.11.3.min.js"; sourceTree = "<group>"; };
		621E34D91D0D561100DE5933 /* jquery.countdown.min.js */ = {isa = PBXFileReference; fileEncoding = 4; lastKnownFileType = sourcecode.javascript; path = jquery.countdown.min.js; sourceTree = "<group>"; };
		621E34DA1D0D561100DE5933 /* main.js */ = {isa = PBXFileReference; fileEncoding = 4; lastKnownFileType = sourcecode.javascript; path = main.js; sourceTree = "<group>"; };
		621E34DB1D0D561100DE5933 /* smooth-scroll.js */ = {isa = PBXFileReference; fileEncoding = 4; lastKnownFileType = sourcecode.javascript; path = "smooth-scroll.js"; sourceTree = "<group>"; };
		621E34DC1D0D561100DE5933 /* wow.min.js */ = {isa = PBXFileReference; fileEncoding = 4; lastKnownFileType = sourcecode.javascript; path = wow.min.js; sourceTree = "<group>"; };
		621E34DE1D0D561100DE5933 /* animate.min.css */ = {isa = PBXFileReference; fileEncoding = 4; lastKnownFileType = text.css; path = animate.min.css; sourceTree = "<group>"; };
		621E34DF1D0D561100DE5933 /* bootstrap.min.css */ = {isa = PBXFileReference; fileEncoding = 4; lastKnownFileType = text.css; path = bootstrap.min.css; sourceTree = "<group>"; };
		621E34E01D0D561100DE5933 /* font-awesome.min.css */ = {isa = PBXFileReference; fileEncoding = 4; lastKnownFileType = text.css; path = "font-awesome.min.css"; sourceTree = "<group>"; };
		621E34E11D0D561100DE5933 /* simple-line-icons.css */ = {isa = PBXFileReference; fileEncoding = 4; lastKnownFileType = text.css; path = "simple-line-icons.css"; sourceTree = "<group>"; };
		621E34E21D0D561100DE5933 /* style.css */ = {isa = PBXFileReference; fileEncoding = 4; lastKnownFileType = text.css; path = style.css; sourceTree = "<group>"; };
		621E34FF1D0D58D900DE5933 /* bootstrap.min.css.map */ = {isa = PBXFileReference; lastKnownFileType = "sourcecode.module-map"; path = bootstrap.min.css.map; sourceTree = "<group>"; };
		621E35001D0D58EB00DE5933 /* bg_pattern.png */ = {isa = PBXFileReference; lastKnownFileType = image.png; path = bg_pattern.png; sourceTree = "<group>"; };
		621E35051D0D597300DE5933 /* fontawesome-webfont.eot */ = {isa = PBXFileReference; lastKnownFileType = file; path = "fontawesome-webfont.eot"; sourceTree = "<group>"; };
		621E35061D0D597300DE5933 /* fontawesome-webfont.svg */ = {isa = PBXFileReference; fileEncoding = 4; lastKnownFileType = text.xml; path = "fontawesome-webfont.svg"; sourceTree = "<group>"; };
		621E35071D0D597300DE5933 /* fontawesome-webfont.ttf */ = {isa = PBXFileReference; lastKnownFileType = file; path = "fontawesome-webfont.ttf"; sourceTree = "<group>"; };
		621E35081D0D597300DE5933 /* fontawesome-webfont.woff */ = {isa = PBXFileReference; lastKnownFileType = file; path = "fontawesome-webfont.woff"; sourceTree = "<group>"; };
		621E35091D0D597300DE5933 /* fontawesome-webfont.woff2 */ = {isa = PBXFileReference; lastKnownFileType = file; path = "fontawesome-webfont.woff2"; sourceTree = "<group>"; };
		621E350A1D0D597300DE5933 /* FontAwesome.otf */ = {isa = PBXFileReference; lastKnownFileType = file; path = FontAwesome.otf; sourceTree = "<group>"; };
		621E350B1D0D597300DE5933 /* glyphicons-halflings-regular.eot */ = {isa = PBXFileReference; lastKnownFileType = file; path = "glyphicons-halflings-regular.eot"; sourceTree = "<group>"; };
		621E350C1D0D597300DE5933 /* glyphicons-halflings-regular.svg */ = {isa = PBXFileReference; fileEncoding = 4; lastKnownFileType = text.xml; path = "glyphicons-halflings-regular.svg"; sourceTree = "<group>"; };
		621E350D1D0D597300DE5933 /* glyphicons-halflings-regular.ttf */ = {isa = PBXFileReference; lastKnownFileType = file; path = "glyphicons-halflings-regular.ttf"; sourceTree = "<group>"; };
		621E350E1D0D597300DE5933 /* glyphicons-halflings-regular.woff */ = {isa = PBXFileReference; lastKnownFileType = file; path = "glyphicons-halflings-regular.woff"; sourceTree = "<group>"; };
		621E350F1D0D597300DE5933 /* glyphicons-halflings-regular.woff2 */ = {isa = PBXFileReference; lastKnownFileType = file; path = "glyphicons-halflings-regular.woff2"; sourceTree = "<group>"; };
		621E35101D0D597300DE5933 /* Simple-Line-Icons.eot */ = {isa = PBXFileReference; lastKnownFileType = file; path = "Simple-Line-Icons.eot"; sourceTree = "<group>"; };
		621E35111D0D597300DE5933 /* Simple-Line-Icons.svg */ = {isa = PBXFileReference; fileEncoding = 4; lastKnownFileType = text.xml; path = "Simple-Line-Icons.svg"; sourceTree = "<group>"; };
		621E35121D0D597300DE5933 /* Simple-Line-Icons.ttf */ = {isa = PBXFileReference; lastKnownFileType = file; path = "Simple-Line-Icons.ttf"; sourceTree = "<group>"; };
		621E35131D0D597300DE5933 /* Simple-Line-Icons.woff */ = {isa = PBXFileReference; lastKnownFileType = file; path = "Simple-Line-Icons.woff"; sourceTree = "<group>"; };
		621E35321D0D782F00DE5933 /* FormHandler.swift */ = {isa = PBXFileReference; fileEncoding = 4; lastKnownFileType = sourcecode.swift; path = FormHandler.swift; sourceTree = "<group>"; };
		621E35341D0D78CE00DE5933 /* form.mustache */ = {isa = PBXFileReference; fileEncoding = 4; lastKnownFileType = text; path = form.mustache; sourceTree = "<group>"; };
		621E35371D0D7C3B00DE5933 /* jqBootstrapValidation.js */ = {isa = PBXFileReference; fileEncoding = 4; lastKnownFileType = sourcecode.javascript; path = jqBootstrapValidation.js; sourceTree = "<group>"; };
		625959671D0D8005005B5F90 /* background0.jpg */ = {isa = PBXFileReference; lastKnownFileType = image.jpeg; path = background0.jpg; sourceTree = "<group>"; };
		625959681D0D8005005B5F90 /* background1.jpg */ = {isa = PBXFileReference; lastKnownFileType = image.jpeg; path = background1.jpg; sourceTree = "<group>"; };
		625959691D0D8005005B5F90 /* background2.jpg */ = {isa = PBXFileReference; lastKnownFileType = image.jpeg; path = background2.jpg; sourceTree = "<group>"; };
		6259596A1D0D8005005B5F90 /* background3.jpg */ = {isa = PBXFileReference; lastKnownFileType = image.jpeg; path = background3.jpg; sourceTree = "<group>"; };
		6259596B1D0D8005005B5F90 /* background4.jpg */ = {isa = PBXFileReference; lastKnownFileType = image.jpeg; path = background4.jpg; sourceTree = "<group>"; };
		6284ADFC1D0C1103001DB03D /* PostgreSQL.framework */ = {isa = PBXFileReference; lastKnownFileType = wrapper.framework; name = PostgreSQL.framework; path = "../../../../Library/Developer/Xcode/DerivedData/JuniorWeekend-cqwnbvxeukmfhuhfepijbtjwynma/Build/Products/Debug/PostgreSQL.framework"; sourceTree = "<group>"; };
		6284ADFE1D0C1127001DB03D /* Init.swift */ = {isa = PBXFileReference; fileEncoding = 4; lastKnownFileType = sourcecode.swift; path = Init.swift; sourceTree = "<group>"; };
		6284AE001D0C117C001DB03D /* RegistrationsHandler.swift */ = {isa = PBXFileReference; fileEncoding = 4; lastKnownFileType = sourcecode.swift; path = RegistrationsHandler.swift; sourceTree = "<group>"; };
		6284AE021D0C1199001DB03D /* registrations.mustache */ = {isa = PBXFileReference; fileEncoding = 4; lastKnownFileType = text; path = registrations.mustache; sourceTree = "<group>"; };
		62C573C31D0BF85A0034B6E6 /* JuniorWeekend.framework */ = {isa = PBXFileReference; explicitFileType = wrapper.framework; includeInIndex = 0; path = JuniorWeekend.framework; sourceTree = BUILT_PRODUCTS_DIR; };
		62C573C61D0BF85A0034B6E6 /* JuniorWeekend.h */ = {isa = PBXFileReference; lastKnownFileType = sourcecode.c.h; path = JuniorWeekend.h; sourceTree = "<group>"; };
		62C573C81D0BF85A0034B6E6 /* Info.plist */ = {isa = PBXFileReference; lastKnownFileType = text.plist.xml; path = Info.plist; sourceTree = "<group>"; };
		62C573CE1D0BF8A10034B6E6 /* PerfectLib.framework */ = {isa = PBXFileReference; lastKnownFileType = wrapper.framework; name = PerfectLib.framework; path = "../../../../Library/Developer/Xcode/DerivedData/JuniorWeekend-cqwnbvxeukmfhuhfepijbtjwynma/Build/Products/Debug/PerfectLib.framework"; sourceTree = "<group>"; };
		62C573D11D0BF9FD0034B6E6 /* index.mustache */ = {isa = PBXFileReference; fileEncoding = 4; lastKnownFileType = text; path = index.mustache; sourceTree = "<group>"; };
		62C573D41D0BFA460034B6E6 /* IndexHandler.swift */ = {isa = PBXFileReference; fileEncoding = 4; lastKnownFileType = sourcecode.swift; path = IndexHandler.swift; sourceTree = "<group>"; };
/* End PBXFileReference section */

/* Begin PBXFrameworksBuildPhase section */
		62C573BF1D0BF85A0034B6E6 /* Frameworks */ = {
			isa = PBXFrameworksBuildPhase;
			buildActionMask = 2147483647;
			files = (
				6284ADFD1D0C1103001DB03D /* PostgreSQL.framework in Frameworks */,
				62C573CF1D0BF8A10034B6E6 /* PerfectLib.framework in Frameworks */,
			);
			runOnlyForDeploymentPostprocessing = 0;
		};
/* End PBXFrameworksBuildPhase section */

/* Begin PBXGroup section */
		621E34C01D0CB91800DE5933 /* Components */ = {
			isa = PBXGroup;
			children = (
				621E34C11D0CBA3C00DE5933 /* DataStore.swift */,
				621E34C31D0CBE1000DE5933 /* Logger.swift */,
				621E34CB1D0CC47400DE5933 /* Models */,
			);
			path = Components;
			sourceTree = "<group>";
		};
		621E34CB1D0CC47400DE5933 /* Models */ = {
			isa = PBXGroup;
			children = (
				621E34CC1D0CC48200DE5933 /* Registration.swift */,
			);
			path = Models;
			sourceTree = "<group>";
		};
		621E34D51D0D561100DE5933 /* Javascript */ = {
			isa = PBXGroup;
			children = (
				621E35371D0D7C3B00DE5933 /* jqBootstrapValidation.js */,
				621E34D61D0D561100DE5933 /* backstretch.min.js */,
				621E34D71D0D561100DE5933 /* bootstrap.min.js */,
				621E34D81D0D561100DE5933 /* jquery-1.11.3.min.js */,
				621E34D91D0D561100DE5933 /* jquery.countdown.min.js */,
				621E34DA1D0D561100DE5933 /* main.js */,
				621E34DB1D0D561100DE5933 /* smooth-scroll.js */,
				621E34DC1D0D561100DE5933 /* wow.min.js */,
			);
			name = Javascript;
			path = JuniorWeekend/App/Views;
			sourceTree = SOURCE_ROOT;
		};
		621E34DD1D0D561100DE5933 /* Stylesheets */ = {
			isa = PBXGroup;
			children = (
				621E34FF1D0D58D900DE5933 /* bootstrap.min.css.map */,
				621E34DE1D0D561100DE5933 /* animate.min.css */,
				621E34DF1D0D561100DE5933 /* bootstrap.min.css */,
				621E34E01D0D561100DE5933 /* font-awesome.min.css */,
				621E34E11D0D561100DE5933 /* simple-line-icons.css */,
				621E34E21D0D561100DE5933 /* style.css */,
			);
			name = Stylesheets;
			path = JuniorWeekend/App/Views;
			sourceTree = SOURCE_ROOT;
		};
		621E34FB1D0D577300DE5933 /* Images */ = {
			isa = PBXGroup;
			children = (
				625959671D0D8005005B5F90 /* background0.jpg */,
				625959681D0D8005005B5F90 /* background1.jpg */,
				625959691D0D8005005B5F90 /* background2.jpg */,
				6259596A1D0D8005005B5F90 /* background3.jpg */,
				6259596B1D0D8005005B5F90 /* background4.jpg */,
				621E35001D0D58EB00DE5933 /* bg_pattern.png */,
			);
			name = Images;
			sourceTree = "<group>";
		};
		621E35041D0D597300DE5933 /* Fonts */ = {
			isa = PBXGroup;
			children = (
				621E35051D0D597300DE5933 /* fontawesome-webfont.eot */,
				621E35061D0D597300DE5933 /* fontawesome-webfont.svg */,
				621E35071D0D597300DE5933 /* fontawesome-webfont.ttf */,
				621E35081D0D597300DE5933 /* fontawesome-webfont.woff */,
				621E35091D0D597300DE5933 /* fontawesome-webfont.woff2 */,
				621E350A1D0D597300DE5933 /* FontAwesome.otf */,
				621E350B1D0D597300DE5933 /* glyphicons-halflings-regular.eot */,
				621E350C1D0D597300DE5933 /* glyphicons-halflings-regular.svg */,
				621E350D1D0D597300DE5933 /* glyphicons-halflings-regular.ttf */,
				621E350E1D0D597300DE5933 /* glyphicons-halflings-regular.woff */,
				621E350F1D0D597300DE5933 /* glyphicons-halflings-regular.woff2 */,
				621E35101D0D597300DE5933 /* Simple-Line-Icons.eot */,
				621E35111D0D597300DE5933 /* Simple-Line-Icons.svg */,
				621E35121D0D597300DE5933 /* Simple-Line-Icons.ttf */,
				621E35131D0D597300DE5933 /* Simple-Line-Icons.woff */,
			);
			name = Fonts;
			sourceTree = "<group>";
		};
		62C573B91D0BF85A0034B6E6 = {
			isa = PBXGroup;
			children = (
				62C573D31D0BFA210034B6E6 /* Frameworks */,
				62C573C51D0BF85A0034B6E6 /* JuniorWeekend */,
				62C573C41D0BF85A0034B6E6 /* Products */,
			);
			sourceTree = "<group>";
		};
		62C573C41D0BF85A0034B6E6 /* Products */ = {
			isa = PBXGroup;
			children = (
				62C573C31D0BF85A0034B6E6 /* JuniorWeekend.framework */,
			);
			name = Products;
			sourceTree = "<group>";
		};
		62C573C51D0BF85A0034B6E6 /* JuniorWeekend */ = {
			isa = PBXGroup;
			children = (
				62C573D91D0BFEF50034B6E6 /* App */,
				62C573C81D0BF85A0034B6E6 /* Info.plist */,
				62C573C61D0BF85A0034B6E6 /* JuniorWeekend.h */,
			);
			path = JuniorWeekend;
			sourceTree = "<group>";
		};
		62C573D01D0BF9EF0034B6E6 /* Views */ = {
			isa = PBXGroup;
			children = (
				621E35041D0D597300DE5933 /* Fonts */,
				621E35341D0D78CE00DE5933 /* form.mustache */,
				621E34FB1D0D577300DE5933 /* Images */,
				62C573D11D0BF9FD0034B6E6 /* index.mustache */,
				621E34D51D0D561100DE5933 /* Javascript */,
				6284AE021D0C1199001DB03D /* registrations.mustache */,
				621E34DD1D0D561100DE5933 /* Stylesheets */,
			);
			path = Views;
			sourceTree = "<group>";
		};
		62C573D31D0BFA210034B6E6 /* Frameworks */ = {
			isa = PBXGroup;
			children = (
				6284ADFC1D0C1103001DB03D /* PostgreSQL.framework */,
				62C573CE1D0BF8A10034B6E6 /* PerfectLib.framework */,
			);
			name = Frameworks;
			sourceTree = "<group>";
		};
		62C573D81D0BFEEF0034B6E6 /* Handlers */ = {
			isa = PBXGroup;
			children = (
				62C573D41D0BFA460034B6E6 /* IndexHandler.swift */,
				6284AE001D0C117C001DB03D /* RegistrationsHandler.swift */,
				621E35321D0D782F00DE5933 /* FormHandler.swift */,
			);
			path = Handlers;
			sourceTree = "<group>";
		};
		62C573D91D0BFEF50034B6E6 /* App */ = {
			isa = PBXGroup;
			children = (
				621E34C01D0CB91800DE5933 /* Components */,
				62C573D81D0BFEEF0034B6E6 /* Handlers */,
				6284ADFE1D0C1127001DB03D /* Init.swift */,
				62C573D01D0BF9EF0034B6E6 /* Views */,
			);
			path = App;
			sourceTree = "<group>";
		};
/* End PBXGroup section */

/* Begin PBXHeadersBuildPhase section */
		62C573C01D0BF85A0034B6E6 /* Headers */ = {
			isa = PBXHeadersBuildPhase;
			buildActionMask = 2147483647;
			files = (
				62C573C71D0BF85A0034B6E6 /* JuniorWeekend.h in Headers */,
			);
			runOnlyForDeploymentPostprocessing = 0;
		};
/* End PBXHeadersBuildPhase section */

/* Begin PBXNativeTarget section */
		62C573C21D0BF85A0034B6E6 /* JuniorWeekend */ = {
			isa = PBXNativeTarget;
			buildConfigurationList = 62C573CB1D0BF85A0034B6E6 /* Build configuration list for PBXNativeTarget "JuniorWeekend" */;
			buildPhases = (
				62C573BE1D0BF85A0034B6E6 /* Sources */,
				62C573BF1D0BF85A0034B6E6 /* Frameworks */,
				62C573C01D0BF85A0034B6E6 /* Headers */,
				62C573C11D0BF85A0034B6E6 /* Resources */,
				62C573D61D0BFD470034B6E6 /* Copy template files */,
			);
			buildRules = (
			);
			dependencies = (
			);
			name = JuniorWeekend;
			productName = JuniorWeekend;
			productReference = 62C573C31D0BF85A0034B6E6 /* JuniorWeekend.framework */;
			productType = "com.apple.product-type.framework";
		};
/* End PBXNativeTarget section */

/* Begin PBXProject section */
		62C573BA1D0BF85A0034B6E6 /* Project object */ = {
			isa = PBXProject;
			attributes = {
				LastUpgradeCheck = 0730;
				ORGANIZATIONNAME = Fousa;
				TargetAttributes = {
					62C573C21D0BF85A0034B6E6 = {
						CreatedOnToolsVersion = 7.3.1;
					};
				};
			};
			buildConfigurationList = 62C573BD1D0BF85A0034B6E6 /* Build configuration list for PBXProject "JuniorWeekend" */;
			compatibilityVersion = "Xcode 3.2";
			developmentRegion = English;
			hasScannedForEncodings = 0;
			knownRegions = (
				en,
			);
			mainGroup = 62C573B91D0BF85A0034B6E6;
			productRefGroup = 62C573C41D0BF85A0034B6E6 /* Products */;
			projectDirPath = "";
			projectRoot = "";
			targets = (
				62C573C21D0BF85A0034B6E6 /* JuniorWeekend */,
			);
		};
/* End PBXProject section */

/* Begin PBXResourcesBuildPhase section */
		62C573C11D0BF85A0034B6E6 /* Resources */ = {
			isa = PBXResourcesBuildPhase;
			buildActionMask = 2147483647;
			files = (
				6259596E1D0D8005005B5F90 /* background2.jpg in Resources */,
				621E35391D0D7C4A00DE5933 /* bootstrap.min.css.map in Resources */,
				621E34EB1D0D561100DE5933 /* bootstrap.min.css in Resources */,
				6284AE031D0C1199001DB03D /* registrations.mustache in Resources */,
				621E351C1D0D597300DE5933 /* glyphicons-halflings-regular.ttf in Resources */,
				621E34E81D0D561100DE5933 /* smooth-scroll.js in Resources */,
				621E35201D0D597300DE5933 /* Simple-Line-Icons.svg in Resources */,
				625959701D0D8005005B5F90 /* background4.jpg in Resources */,
				621E34E31D0D561100DE5933 /* backstretch.min.js in Resources */,
				621E351E1D0D597300DE5933 /* glyphicons-halflings-regular.woff2 in Resources */,
				621E351B1D0D597300DE5933 /* glyphicons-halflings-regular.svg in Resources */,
				621E35141D0D597300DE5933 /* fontawesome-webfont.eot in Resources */,
				621E35351D0D78CE00DE5933 /* form.mustache in Resources */,
				62C573D21D0BF9FD0034B6E6 /* index.mustache in Resources */,
				621E34E91D0D561100DE5933 /* wow.min.js in Resources */,
				621E351A1D0D597300DE5933 /* glyphicons-halflings-regular.eot in Resources */,
				621E35011D0D58EB00DE5933 /* bg_pattern.png in Resources */,
				621E35151D0D597300DE5933 /* fontawesome-webfont.svg in Resources */,
				621E35171D0D597300DE5933 /* fontawesome-webfont.woff in Resources */,
				621E34EC1D0D561100DE5933 /* font-awesome.min.css in Resources */,
				6259596D1D0D8005005B5F90 /* background1.jpg in Resources */,
				621E35221D0D597300DE5933 /* Simple-Line-Icons.woff in Resources */,
				621E351D1D0D597300DE5933 /* glyphicons-halflings-regular.woff in Resources */,
				621E35381D0D7C3B00DE5933 /* jqBootstrapValidation.js in Resources */,
				621E35191D0D597300DE5933 /* FontAwesome.otf in Resources */,
				621E35211D0D597300DE5933 /* Simple-Line-Icons.ttf in Resources */,
				621E34EA1D0D561100DE5933 /* animate.min.css in Resources */,
				6259596F1D0D8005005B5F90 /* background3.jpg in Resources */,
				621E34E61D0D561100DE5933 /* jquery.countdown.min.js in Resources */,
				621E34EE1D0D561100DE5933 /* style.css in Resources */,
				621E34E71D0D561100DE5933 /* main.js in Resources */,
				621E34ED1D0D561100DE5933 /* simple-line-icons.css in Resources */,
				6259596C1D0D8005005B5F90 /* background0.jpg in Resources */,
				621E351F1D0D597300DE5933 /* Simple-Line-Icons.eot in Resources */,
				621E34E51D0D561100DE5933 /* jquery-1.11.3.min.js in Resources */,
				621E35161D0D597300DE5933 /* fontawesome-webfont.ttf in Resources */,
				621E35181D0D597300DE5933 /* fontawesome-webfont.woff2 in Resources */,
				621E34E41D0D561100DE5933 /* bootstrap.min.js in Resources */,
			);
			runOnlyForDeploymentPostprocessing = 0;
		};
/* End PBXResourcesBuildPhase section */

/* Begin PBXSourcesBuildPhase section */
		62C573BE1D0BF85A0034B6E6 /* Sources */ = {
			isa = PBXSourcesBuildPhase;
			buildActionMask = 2147483647;
			files = (
				621E34C41D0CBE1000DE5933 /* Logger.swift in Sources */,
				6284ADFF1D0C1127001DB03D /* Init.swift in Sources */,
				621E34C21D0CBA3C00DE5933 /* DataStore.swift in Sources */,
				6284AE011D0C117C001DB03D /* RegistrationsHandler.swift in Sources */,
				621E34CD1D0CC48200DE5933 /* Registration.swift in Sources */,
				621E35331D0D782F00DE5933 /* FormHandler.swift in Sources */,
				62C573D51D0BFA460034B6E6 /* IndexHandler.swift in Sources */,
			);
			runOnlyForDeploymentPostprocessing = 0;
		};
/* End PBXSourcesBuildPhase section */

/* Begin XCBuildConfiguration section */
		62C573C91D0BF85A0034B6E6 /* Debug */ = {
			isa = XCBuildConfiguration;
			buildSettings = {
				ALWAYS_SEARCH_USER_PATHS = NO;
				CLANG_ANALYZER_NONNULL = YES;
				CLANG_CXX_LANGUAGE_STANDARD = "gnu++0x";
				CLANG_CXX_LIBRARY = "libc++";
				CLANG_ENABLE_MODULES = YES;
				CLANG_ENABLE_OBJC_ARC = YES;
				CLANG_WARN_BOOL_CONVERSION = YES;
				CLANG_WARN_CONSTANT_CONVERSION = YES;
				CLANG_WARN_DIRECT_OBJC_ISA_USAGE = YES_ERROR;
				CLANG_WARN_EMPTY_BODY = YES;
				CLANG_WARN_ENUM_CONVERSION = YES;
				CLANG_WARN_INT_CONVERSION = YES;
				CLANG_WARN_OBJC_ROOT_CLASS = YES_ERROR;
				CLANG_WARN_UNREACHABLE_CODE = YES;
				CLANG_WARN__DUPLICATE_METHOD_MATCH = YES;
				CODE_SIGN_IDENTITY = "-";
				COPY_PHASE_STRIP = NO;
				CURRENT_PROJECT_VERSION = 1;
				DEBUG_INFORMATION_FORMAT = dwarf;
				ENABLE_STRICT_OBJC_MSGSEND = YES;
				ENABLE_TESTABILITY = YES;
				GCC_C_LANGUAGE_STANDARD = gnu99;
				GCC_DYNAMIC_NO_PIC = NO;
				GCC_NO_COMMON_BLOCKS = YES;
				GCC_OPTIMIZATION_LEVEL = 0;
				GCC_PREPROCESSOR_DEFINITIONS = (
					"DEBUG=1",
					"$(inherited)",
				);
				GCC_WARN_64_TO_32_BIT_CONVERSION = YES;
				GCC_WARN_ABOUT_RETURN_TYPE = YES_ERROR;
				GCC_WARN_UNDECLARED_SELECTOR = YES;
				GCC_WARN_UNINITIALIZED_AUTOS = YES_AGGRESSIVE;
				GCC_WARN_UNUSED_FUNCTION = YES;
				GCC_WARN_UNUSED_VARIABLE = YES;
				MACOSX_DEPLOYMENT_TARGET = 10.11;
				MTL_ENABLE_DEBUG_INFO = YES;
				ONLY_ACTIVE_ARCH = YES;
				SDKROOT = macosx;
				SWIFT_OPTIMIZATION_LEVEL = "-Onone";
				VERSIONING_SYSTEM = "apple-generic";
				VERSION_INFO_PREFIX = "";
			};
			name = Debug;
		};
		62C573CA1D0BF85A0034B6E6 /* Release */ = {
			isa = XCBuildConfiguration;
			buildSettings = {
				ALWAYS_SEARCH_USER_PATHS = NO;
				CLANG_ANALYZER_NONNULL = YES;
				CLANG_CXX_LANGUAGE_STANDARD = "gnu++0x";
				CLANG_CXX_LIBRARY = "libc++";
				CLANG_ENABLE_MODULES = YES;
				CLANG_ENABLE_OBJC_ARC = YES;
				CLANG_WARN_BOOL_CONVERSION = YES;
				CLANG_WARN_CONSTANT_CONVERSION = YES;
				CLANG_WARN_DIRECT_OBJC_ISA_USAGE = YES_ERROR;
				CLANG_WARN_EMPTY_BODY = YES;
				CLANG_WARN_ENUM_CONVERSION = YES;
				CLANG_WARN_INT_CONVERSION = YES;
				CLANG_WARN_OBJC_ROOT_CLASS = YES_ERROR;
				CLANG_WARN_UNREACHABLE_CODE = YES;
				CLANG_WARN__DUPLICATE_METHOD_MATCH = YES;
				CODE_SIGN_IDENTITY = "-";
				COPY_PHASE_STRIP = NO;
				CURRENT_PROJECT_VERSION = 1;
				DEBUG_INFORMATION_FORMAT = "dwarf-with-dsym";
				ENABLE_NS_ASSERTIONS = NO;
				ENABLE_STRICT_OBJC_MSGSEND = YES;
				GCC_C_LANGUAGE_STANDARD = gnu99;
				GCC_NO_COMMON_BLOCKS = YES;
				GCC_WARN_64_TO_32_BIT_CONVERSION = YES;
				GCC_WARN_ABOUT_RETURN_TYPE = YES_ERROR;
				GCC_WARN_UNDECLARED_SELECTOR = YES;
				GCC_WARN_UNINITIALIZED_AUTOS = YES_AGGRESSIVE;
				GCC_WARN_UNUSED_FUNCTION = YES;
				GCC_WARN_UNUSED_VARIABLE = YES;
				MACOSX_DEPLOYMENT_TARGET = 10.11;
				MTL_ENABLE_DEBUG_INFO = NO;
				SDKROOT = macosx;
				VERSIONING_SYSTEM = "apple-generic";
				VERSION_INFO_PREFIX = "";
			};
			name = Release;
		};
		62C573CC1D0BF85A0034B6E6 /* Debug */ = {
			isa = XCBuildConfiguration;
			buildSettings = {
				CLANG_ENABLE_MODULES = YES;
				COMBINE_HIDPI_IMAGES = YES;
				DEFINES_MODULE = YES;
				DEPLOYMENT_LOCATION = YES;
				DSTROOT = "$(CONFIGURATION_BUILD_DIR)";
				DYLIB_COMPATIBILITY_VERSION = 1;
				DYLIB_CURRENT_VERSION = 1;
				DYLIB_INSTALL_NAME_BASE = "@rpath";
				FRAMEWORK_VERSION = A;
				INFOPLIST_FILE = JuniorWeekend/Info.plist;
				INSTALL_PATH = /PerfectLibraries;
				LD_RUNPATH_SEARCH_PATHS = "$(inherited) @executable_path/../Frameworks @loader_path/Frameworks";
				PRODUCT_BUNDLE_IDENTIFIER = be.fousa.JuniorWeekend;
				PRODUCT_NAME = "$(TARGET_NAME)";
				SKIP_INSTALL = NO;
				SWIFT_OPTIMIZATION_LEVEL = "-Onone";
			};
			name = Debug;
		};
		62C573CD1D0BF85A0034B6E6 /* Release */ = {
			isa = XCBuildConfiguration;
			buildSettings = {
				CLANG_ENABLE_MODULES = YES;
				COMBINE_HIDPI_IMAGES = YES;
				DEFINES_MODULE = YES;
				DEPLOYMENT_LOCATION = YES;
				DSTROOT = "$(CONFIGURATION_BUILD_DIR)";
				DYLIB_COMPATIBILITY_VERSION = 1;
				DYLIB_CURRENT_VERSION = 1;
				DYLIB_INSTALL_NAME_BASE = "@rpath";
				FRAMEWORK_VERSION = A;
				INFOPLIST_FILE = JuniorWeekend/Info.plist;
				INSTALL_PATH = /PerfectLibraries;
				LD_RUNPATH_SEARCH_PATHS = "$(inherited) @executable_path/../Frameworks @loader_path/Frameworks";
				PRODUCT_BUNDLE_IDENTIFIER = be.fousa.JuniorWeekend;
				PRODUCT_NAME = "$(TARGET_NAME)";
				SKIP_INSTALL = NO;
			};
			name = Release;
		};
/* End XCBuildConfiguration section */

/* Begin XCConfigurationList section */
		62C573BD1D0BF85A0034B6E6 /* Build configuration list for PBXProject "JuniorWeekend" */ = {
			isa = XCConfigurationList;
			buildConfigurations = (
				62C573C91D0BF85A0034B6E6 /* Debug */,
				62C573CA1D0BF85A0034B6E6 /* Release */,
			);
			defaultConfigurationIsVisible = 0;
			defaultConfigurationName = Release;
		};
		62C573CB1D0BF85A0034B6E6 /* Build configuration list for PBXNativeTarget "JuniorWeekend" */ = {
			isa = XCConfigurationList;
			buildConfigurations = (
				62C573CC1D0BF85A0034B6E6 /* Debug */,
				62C573CD1D0BF85A0034B6E6 /* Release */,
			);
			defaultConfigurationIsVisible = 0;
			defaultConfigurationName = Release;
		};
/* End XCConfigurationList section */
	};
	rootObject = 62C573BA1D0BF85A0034B6E6 /* Project object */;
}
